# THIS IS AN AUTOGENERATED FILE. DO NOT EDIT THIS FILE DIRECTLY.
# yarn lockfile v1


woo1031-utils@^1.0.3:
  version "1.0.3"
  resolved "https://registry.yarnpkg.com/woo1031-utils/-/woo1031-utils-1.0.3.tgz#e301c586db5d63165c2085d781f22491f533f460"
  integrity sha512-NQed5J7fhLrANqCqDA8WE5kmGpHnUQWBs6HvJxp9Dlk9XUIdSVu8BZnOG9Kl1zfHvDAuAH/A9EjcfLsBKdhclg==
