# THIS IS AN AUTOGENERATED FILE. DO NOT EDIT THIS FILE DIRECTLY.
# yarn lockfile v1


woo1031-utils@^1.0.4:
  version "1.0.4"
  resolved "https://registry.yarnpkg.com/woo1031-utils/-/woo1031-utils-1.0.4.tgz#bb79ffa0297d5416238404427b4c1035be5f9b4c"
  integrity sha512-CaFAIkXJNelzyEHI3Np+prQdBlq9BumULW2rBnilX/znvvEPQSoEhR+jiAZCZU+T1OlE3MUkLW0EHSzFN/GMTA==
