# THIS IS AN AUTOGENERATED FILE. DO NOT EDIT THIS FILE DIRECTLY.
# yarn lockfile v1


woo1031-utils@^1.0.1:
  version "1.0.1"
  resolved "https://registry.yarnpkg.com/woo1031-utils/-/woo1031-utils-1.0.1.tgz#b18aa4fbe85ce3f07b2e9f4ed7db01b91a72039a"
  integrity sha512-dVaZp0Hc2LptiL3slMjuEr7tYj1Lj5H1CTV9pbCxE1bghoeDwyGWd9sCYCnalFWCMJ4IT3kKY8DJMFlBW8h8Wg==
